
Microsoft Visual Studio Solution File, Format Version 12.00
# Visual Studio Version 16
VisualStudioVersion = 16.0.31025.194
MinimumVisualStudioVersion = 10.0.40219.1
Project("{2150E333-8FDC-42A3-9474-1A3956D46DE8}") = "FrontEnd", "FrontEnd", "{EE0C86DB-F83D-4355-BDCC-CE67873ABF01}"
EndProject
Project("{9A19103F-16F7-4668-BE54-9A1E7A4F7556}") = "Mango.Web", "Mango.Web\Mango.Web.csproj", "{9F03A875-213E-4DA0-A4CD-09DAF1CC4040}"
EndProject
Project("{2150E333-8FDC-42A3-9474-1A3956D46DE8}") = "Services", "Services", "{4B2D086E-EB30-4C98-A1B3-6E7237DA79A7}"
EndProject
Project("{9A19103F-16F7-4668-BE54-9A1E7A4F7556}") = "Mango.Services.ProductAPI", "Mango.Services.ProductAPI\Mango.Services.ProductAPI.csproj", "{44DC7949-0885-4027-9ADF-BCC95C612029}"
EndProject
Project("{9A19103F-16F7-4668-BE54-9A1E7A4F7556}") = "Mango.Services.Identity", "Mango.Services.Identity\Mango.Services.Identity.csproj", "{0A52AAB5-68C1-496D-BA89-8B14BE06650A}"
EndProject
Project("{9A19103F-16F7-4668-BE54-9A1E7A4F7556}") = "Mango.Services.ShoppingCartAPI", "Mango.Services.ShoppingCartAPI\Mango.Services.ShoppingCartAPI.csproj", "{FACEDC24-1EB1-456A-A391-9D9412B9C604}"
EndProject
Project("{9A19103F-16F7-4668-BE54-9A1E7A4F7556}") = "Mango.Services.CouponAPI", "Mango.Services.CouponAPI\Mango.Services.CouponAPI.csproj", "{E113B604-FFFA-40F1-8A38-722A0516EA9D}"
EndProject
Project("{2150E333-8FDC-42A3-9474-1A3956D46DE8}") = "Intergration", "Intergration", "{695821B4-D412-488A-9D4C-478A4766050F}"
EndProject
Project("{9A19103F-16F7-4668-BE54-9A1E7A4F7556}") = "Mango.MessageBus", "Mango.MessageBus\Mango.MessageBus.csproj", "{C0604B1F-B13E-4779-86C6-443E6ED3D3D1}"
EndProject
Project("{9A19103F-16F7-4668-BE54-9A1E7A4F7556}") = "Mango.Services.OrderAPI", "Mango.Services.OrderAPI\Mango.Services.OrderAPI.csproj", "{4A920E5F-4C8B-4FB6-B706-5A73A04CD4E1}"
EndProject
Project("{2150E333-8FDC-42A3-9474-1A3956D46DE8}") = "Payment", "Payment", "{D18C261E-C68C-4A53-B050-C8DAE183C4E9}"
EndProject
Project("{9A19103F-16F7-4668-BE54-9A1E7A4F7556}") = "PaymentProcess", "PaymentProcess\PaymentProcess.csproj", "{38DA37FD-1951-45BA-A6CA-1D2A744C4EE3}"
EndProject
Project("{9A19103F-16F7-4668-BE54-9A1E7A4F7556}") = "Mango.ServicesPaymentAPI", "PaymentAPI\Mango.ServicesPaymentAPI.csproj", "{9EC8E415-DC72-49E6-A762-BA5A54828834}"
EndProject
Project("{2150E333-8FDC-42A3-9474-1A3956D46DE8}") = "Gateway", "Gateway", "{E412D24F-CCD1-407C-858D-45C5395B3C2F}"
EndProject
Project("{FAE04EC0-301F-11D3-BF4B-00C04F79EFBC}") = "Mango.APIGateway", "Mango.APIGateway\Mango.APIGateway.csproj", "{2DB5CB0A-FAC2-41CC-B32C-F5D37FE97899}"
EndProject
Global
	GlobalSection(SolutionConfigurationPlatforms) = preSolution
		Debug|Any CPU = Debug|Any CPU
		Release|Any CPU = Release|Any CPU
	EndGlobalSection
	GlobalSection(ProjectConfigurationPlatforms) = postSolution
		{9F03A875-213E-4DA0-A4CD-09DAF1CC4040}.Debug|Any CPU.ActiveCfg = Debug|Any CPU
		{9F03A875-213E-4DA0-A4CD-09DAF1CC4040}.Debug|Any CPU.Build.0 = Debug|Any CPU
		{9F03A875-213E-4DA0-A4CD-09DAF1CC4040}.Release|Any CPU.ActiveCfg = Release|Any CPU
		{9F03A875-213E-4DA0-A4CD-09DAF1CC4040}.Release|Any CPU.Build.0 = Release|Any CPU
		{44DC7949-0885-4027-9ADF-BCC95C612029}.Debug|Any CPU.ActiveCfg = Debug|Any CPU
		{44DC7949-0885-4027-9ADF-BCC95C612029}.Debug|Any CPU.Build.0 = Debug|Any CPU
		{44DC7949-0885-4027-9ADF-BCC95C612029}.Release|Any CPU.ActiveCfg = Release|Any CPU
		{44DC7949-0885-4027-9ADF-BCC95C612029}.Release|Any CPU.Build.0 = Release|Any CPU
		{0A52AAB5-68C1-496D-BA89-8B14BE06650A}.Debug|Any CPU.ActiveCfg = Debug|Any CPU
		{0A52AAB5-68C1-496D-BA89-8B14BE06650A}.Debug|Any CPU.Build.0 = Debug|Any CPU
		{0A52AAB5-68C1-496D-BA89-8B14BE06650A}.Release|Any CPU.ActiveCfg = Release|Any CPU
		{0A52AAB5-68C1-496D-BA89-8B14BE06650A}.Release|Any CPU.Build.0 = Release|Any CPU
		{FACEDC24-1EB1-456A-A391-9D9412B9C604}.Debug|Any CPU.ActiveCfg = Debug|Any CPU
		{FACEDC24-1EB1-456A-A391-9D9412B9C604}.Debug|Any CPU.Build.0 = Debug|Any CPU
		{FACEDC24-1EB1-456A-A391-9D9412B9C604}.Release|Any CPU.ActiveCfg = Release|Any CPU
		{FACEDC24-1EB1-456A-A391-9D9412B9C604}.Release|Any CPU.Build.0 = Release|Any CPU
		{E113B604-FFFA-40F1-8A38-722A0516EA9D}.Debug|Any CPU.ActiveCfg = Debug|Any CPU
		{E113B604-FFFA-40F1-8A38-722A0516EA9D}.Debug|Any CPU.Build.0 = Debug|Any CPU
		{E113B604-FFFA-40F1-8A38-722A0516EA9D}.Release|Any CPU.ActiveCfg = Release|Any CPU
		{E113B604-FFFA-40F1-8A38-722A0516EA9D}.Release|Any CPU.Build.0 = Release|Any CPU
		{C0604B1F-B13E-4779-86C6-443E6ED3D3D1}.Debug|Any CPU.ActiveCfg = Debug|Any CPU
		{C0604B1F-B13E-4779-86C6-443E6ED3D3D1}.Debug|Any CPU.Build.0 = Debug|Any CPU
		{C0604B1F-B13E-4779-86C6-443E6ED3D3D1}.Release|Any CPU.ActiveCfg = Release|Any CPU
		{C0604B1F-B13E-4779-86C6-443E6ED3D3D1}.Release|Any CPU.Build.0 = Release|Any CPU
		{4A920E5F-4C8B-4FB6-B706-5A73A04CD4E1}.Debug|Any CPU.ActiveCfg = Debug|Any CPU
		{4A920E5F-4C8B-4FB6-B706-5A73A04CD4E1}.Debug|Any CPU.Build.0 = Debug|Any CPU
		{4A920E5F-4C8B-4FB6-B706-5A73A04CD4E1}.Release|Any CPU.ActiveCfg = Release|Any CPU
		{4A920E5F-4C8B-4FB6-B706-5A73A04CD4E1}.Release|Any CPU.Build.0 = Release|Any CPU
		{38DA37FD-1951-45BA-A6CA-1D2A744C4EE3}.Debug|Any CPU.ActiveCfg = Debug|Any CPU
		{38DA37FD-1951-45BA-A6CA-1D2A744C4EE3}.Debug|Any CPU.Build.0 = Debug|Any CPU
		{38DA37FD-1951-45BA-A6CA-1D2A744C4EE3}.Release|Any CPU.ActiveCfg = Release|Any CPU
		{38DA37FD-1951-45BA-A6CA-1D2A744C4EE3}.Release|Any CPU.Build.0 = Release|Any CPU
		{9EC8E415-DC72-49E6-A762-BA5A54828834}.Debug|Any CPU.ActiveCfg = Debug|Any CPU
		{9EC8E415-DC72-49E6-A762-BA5A54828834}.Debug|Any CPU.Build.0 = Debug|Any CPU
		{9EC8E415-DC72-49E6-A762-BA5A54828834}.Release|Any CPU.ActiveCfg = Release|Any CPU
		{9EC8E415-DC72-49E6-A762-BA5A54828834}.Release|Any CPU.Build.0 = Release|Any CPU
		{2DB5CB0A-FAC2-41CC-B32C-F5D37FE97899}.Debug|Any CPU.ActiveCfg = Debug|Any CPU
		{2DB5CB0A-FAC2-41CC-B32C-F5D37FE97899}.Debug|Any CPU.Build.0 = Debug|Any CPU
		{2DB5CB0A-FAC2-41CC-B32C-F5D37FE97899}.Release|Any CPU.ActiveCfg = Release|Any CPU
		{2DB5CB0A-FAC2-41CC-B32C-F5D37FE97899}.Release|Any CPU.Build.0 = Release|Any CPU
	EndGlobalSection
	GlobalSection(SolutionProperties) = preSolution
		HideSolutionNode = FALSE
	EndGlobalSection
	GlobalSection(NestedProjects) = preSolution
		{9F03A875-213E-4DA0-A4CD-09DAF1CC4040} = {EE0C86DB-F83D-4355-BDCC-CE67873ABF01}
		{44DC7949-0885-4027-9ADF-BCC95C612029} = {4B2D086E-EB30-4C98-A1B3-6E7237DA79A7}
		{0A52AAB5-68C1-496D-BA89-8B14BE06650A} = {4B2D086E-EB30-4C98-A1B3-6E7237DA79A7}
		{FACEDC24-1EB1-456A-A391-9D9412B9C604} = {4B2D086E-EB30-4C98-A1B3-6E7237DA79A7}
		{E113B604-FFFA-40F1-8A38-722A0516EA9D} = {4B2D086E-EB30-4C98-A1B3-6E7237DA79A7}
		{C0604B1F-B13E-4779-86C6-443E6ED3D3D1} = {695821B4-D412-488A-9D4C-478A4766050F}
		{4A920E5F-4C8B-4FB6-B706-5A73A04CD4E1} = {4B2D086E-EB30-4C98-A1B3-6E7237DA79A7}
		{38DA37FD-1951-45BA-A6CA-1D2A744C4EE3} = {D18C261E-C68C-4A53-B050-C8DAE183C4E9}
		{9EC8E415-DC72-49E6-A762-BA5A54828834} = {4B2D086E-EB30-4C98-A1B3-6E7237DA79A7}
		{2DB5CB0A-FAC2-41CC-B32C-F5D37FE97899} = {E412D24F-CCD1-407C-858D-45C5395B3C2F}
	EndGlobalSection
	GlobalSection(ExtensibilityGlobals) = postSolution
		SolutionGuid = {5430D2A8-DF9A-4A02-8FFB-1D1209FFC4F2}
	EndGlobalSection
EndGlobal
